
Microsoft Visual Studio Solution File, Format Version 12.00
# Visual Studio 15
VisualStudioVersion = 15.0.28307.136
MinimumVisualStudioVersion = 10.0.40219.1
Project("{2150E333-8FDC-42A3-9474-1A3956D46DE8}") = "Common", "Common", "{7E3AD72A-DF04-4910-AB77-33B4F90ADD0D}"
EndProject
Project("{9A19103F-16F7-4668-BE54-9A1E7A4F7556}") = "RabbitMQ.Common", "RabbitMQ.Common\RabbitMQ.Common.csproj", "{D475EE00-93B7-48B0-9505-EBEAF00EB04C}"
EndProject
Project("{2150E333-8FDC-42A3-9474-1A3956D46DE8}") = "1.Standart Queue", "1.Standart Queue", "{E7FD91B2-88E2-43FA-90D7-423D669A38A3}"
EndProject
Project("{9A19103F-16F7-4668-BE54-9A1E7A4F7556}") = "RabbitMQ.StandartQueue", "RabbitMQ.StandartQueue\RabbitMQ.StandartQueue.csproj", "{84C05AFE-AA74-4FA2-8237-A4ED93143FA3}"
EndProject
Project("{2150E333-8FDC-42A3-9474-1A3956D46DE8}") = "2.Worker Queue", "2.Worker Queue", "{E3EA7770-88C9-46FC-AB28-CCC46C87ED91}"
EndProject
Project("{9A19103F-16F7-4668-BE54-9A1E7A4F7556}") = "RabbitMQ.WorkerQueue.Producer", "RabbitMQ.WorkerQueue.Producer\RabbitMQ.WorkerQueue.Producer.csproj", "{3511D5A1-DEB8-455C-B2F3-DE7BB8DC6760}"
EndProject
Project("{9A19103F-16F7-4668-BE54-9A1E7A4F7556}") = "RabbitMQ.WorkerQueue.Consumer", "RabbitMQ.WorkerQueue.Consumer\RabbitMQ.WorkerQueue.Consumer.csproj", "{2F5FD03D-667F-40AA-A598-B5D4D0BD21FB}"
EndProject
Project("{2150E333-8FDC-42A3-9474-1A3956D46DE8}") = "3.Publish Subscribe", "3.Publish Subscribe", "{EA03BD34-B030-4418-B32C-1970F6D0755F}"
EndProject
Project("{9A19103F-16F7-4668-BE54-9A1E7A4F7556}") = "RabbitMQ.PublishSubscribe.Publisher", "RabbitMQ.PublishSubscribe.Publisher\RabbitMQ.PublishSubscribe.Publisher.csproj", "{ADC27CE2-F8B4-48A7-B923-282E303B503D}"
EndProject
Project("{9A19103F-16F7-4668-BE54-9A1E7A4F7556}") = "RabbitMQ.PublishSubscribe.Subscriber", "RabbitMQ.PublishSubscribe.Subscriber\RabbitMQ.PublishSubscribe.Subscriber.csproj", "{08ADF96A-13CE-4F9B-A60E-F5D44606D6E5}"
EndProject
Project("{2150E333-8FDC-42A3-9474-1A3956D46DE8}") = "4.Direct Routing", "4.Direct Routing", "{44C03ABF-9D94-41E1-B936-311D93296B16}"
EndProject
Project("{9A19103F-16F7-4668-BE54-9A1E7A4F7556}") = "RabbitMQ.DirectRouting.Publisher", "RabbitMQ.DirectRouting.Publisher\RabbitMQ.DirectRouting.Publisher.csproj", "{63CF603F-07E1-4CF2-9619-D9158BD12662}"
EndProject
Project("{9A19103F-16F7-4668-BE54-9A1E7A4F7556}") = "RabbitMQ.DirectRouting.Subscriber1", "RabbitMQ.DirectRouting.Subscriber1\RabbitMQ.DirectRouting.Subscriber1.csproj", "{15082ADE-6835-4C8E-A26D-DFCA9206A11D}"
EndProject
Project("{9A19103F-16F7-4668-BE54-9A1E7A4F7556}") = "RabbitMQ.DirectRouting.Subscriber2", "RabbitMQ.DirectRouting.Subscriber2\RabbitMQ.DirectRouting.Subscriber2.csproj", "{159D782F-E348-4C4A-B9CE-32C318789B6C}"
EndProject
Project("{2150E333-8FDC-42A3-9474-1A3956D46DE8}") = "SampleApp", "SampleApp", "{B012FA9C-F6F3-43A9-AD59-81ACE57457F9}"
EndProject
Project("{2150E333-8FDC-42A3-9474-1A3956D46DE8}") = "Consumers", "Consumers", "{46645115-6D32-4945-B090-7EC33D85B4C6}"
EndProject
Project("{FAE04EC0-301F-11D3-BF4B-00C04F79EFBC}") = "SampleApp.AccountAudit.Consumer", "SampleApp.AccountAudit.Consumer\SampleApp.AccountAudit.Consumer.csproj", "{CEFFA29E-B22B-43D5-BE63-6A171638A37F}"
EndProject
Project("{FAE04EC0-301F-11D3-BF4B-00C04F79EFBC}") = "SampleApp.DirectPaymentCard.Consumer", "SampleApp.DirectPaymentCard.Consumer\SampleApp.DirectPaymentCard.Consumer.csproj", "{68B54D2E-F847-4F70-A7FC-1E32C52980D8}"
EndProject
Project("{FAE04EC0-301F-11D3-BF4B-00C04F79EFBC}") = "SampleApp.PaymentCard.Consumer", "SampleApp.PaymentCard.Consumer\SampleApp.PaymentCard.Consumer.csproj", "{C18C86C0-31F9-4F1E-A43E-FD58733194BA}"
EndProject
Project("{FAE04EC0-301F-11D3-BF4B-00C04F79EFBC}") = "SampleApp.PurchaseOrder.Consumer", "SampleApp.PurchaseOrder.Consumer\SampleApp.PurchaseOrder.Consumer.csproj", "{179BA404-CB06-41F2-AAFF-6FDECBF43B3B}"
EndProject
Project("{2150E333-8FDC-42A3-9474-1A3956D46DE8}") = "UI", "UI", "{26520BBD-A7AE-4DB2-96D3-3EB3F89C6C1C}"
EndProject
Project("{FAE04EC0-301F-11D3-BF4B-00C04F79EFBC}") = "SampleApp.WebAPI", "SampleApp.WebAPI\SampleApp.WebAPI.csproj", "{D7D67DEF-B754-42C6-A04B-6498C55961A0}"
EndProject
Global
	GlobalSection(SolutionConfigurationPlatforms) = preSolution
		Debug|Any CPU = Debug|Any CPU
		Release|Any CPU = Release|Any CPU
	EndGlobalSection
	GlobalSection(ProjectConfigurationPlatforms) = postSolution
		{D475EE00-93B7-48B0-9505-EBEAF00EB04C}.Debug|Any CPU.ActiveCfg = Debug|Any CPU
		{D475EE00-93B7-48B0-9505-EBEAF00EB04C}.Debug|Any CPU.Build.0 = Debug|Any CPU
		{D475EE00-93B7-48B0-9505-EBEAF00EB04C}.Release|Any CPU.ActiveCfg = Release|Any CPU
		{D475EE00-93B7-48B0-9505-EBEAF00EB04C}.Release|Any CPU.Build.0 = Release|Any CPU
		{84C05AFE-AA74-4FA2-8237-A4ED93143FA3}.Debug|Any CPU.ActiveCfg = Debug|Any CPU
		{84C05AFE-AA74-4FA2-8237-A4ED93143FA3}.Debug|Any CPU.Build.0 = Debug|Any CPU
		{84C05AFE-AA74-4FA2-8237-A4ED93143FA3}.Release|Any CPU.ActiveCfg = Release|Any CPU
		{84C05AFE-AA74-4FA2-8237-A4ED93143FA3}.Release|Any CPU.Build.0 = Release|Any CPU
		{3511D5A1-DEB8-455C-B2F3-DE7BB8DC6760}.Debug|Any CPU.ActiveCfg = Debug|Any CPU
		{3511D5A1-DEB8-455C-B2F3-DE7BB8DC6760}.Debug|Any CPU.Build.0 = Debug|Any CPU
		{3511D5A1-DEB8-455C-B2F3-DE7BB8DC6760}.Release|Any CPU.ActiveCfg = Release|Any CPU
		{3511D5A1-DEB8-455C-B2F3-DE7BB8DC6760}.Release|Any CPU.Build.0 = Release|Any CPU
		{2F5FD03D-667F-40AA-A598-B5D4D0BD21FB}.Debug|Any CPU.ActiveCfg = Debug|Any CPU
		{2F5FD03D-667F-40AA-A598-B5D4D0BD21FB}.Debug|Any CPU.Build.0 = Debug|Any CPU
		{2F5FD03D-667F-40AA-A598-B5D4D0BD21FB}.Release|Any CPU.ActiveCfg = Release|Any CPU
		{2F5FD03D-667F-40AA-A598-B5D4D0BD21FB}.Release|Any CPU.Build.0 = Release|Any CPU
		{ADC27CE2-F8B4-48A7-B923-282E303B503D}.Debug|Any CPU.ActiveCfg = Debug|Any CPU
		{ADC27CE2-F8B4-48A7-B923-282E303B503D}.Debug|Any CPU.Build.0 = Debug|Any CPU
		{ADC27CE2-F8B4-48A7-B923-282E303B503D}.Release|Any CPU.ActiveCfg = Release|Any CPU
		{ADC27CE2-F8B4-48A7-B923-282E303B503D}.Release|Any CPU.Build.0 = Release|Any CPU
		{08ADF96A-13CE-4F9B-A60E-F5D44606D6E5}.Debug|Any CPU.ActiveCfg = Debug|Any CPU
		{08ADF96A-13CE-4F9B-A60E-F5D44606D6E5}.Debug|Any CPU.Build.0 = Debug|Any CPU
		{08ADF96A-13CE-4F9B-A60E-F5D44606D6E5}.Release|Any CPU.ActiveCfg = Release|Any CPU
		{08ADF96A-13CE-4F9B-A60E-F5D44606D6E5}.Release|Any CPU.Build.0 = Release|Any CPU
		{63CF603F-07E1-4CF2-9619-D9158BD12662}.Debug|Any CPU.ActiveCfg = Debug|Any CPU
		{63CF603F-07E1-4CF2-9619-D9158BD12662}.Debug|Any CPU.Build.0 = Debug|Any CPU
		{63CF603F-07E1-4CF2-9619-D9158BD12662}.Release|Any CPU.ActiveCfg = Release|Any CPU
		{63CF603F-07E1-4CF2-9619-D9158BD12662}.Release|Any CPU.Build.0 = Release|Any CPU
		{15082ADE-6835-4C8E-A26D-DFCA9206A11D}.Debug|Any CPU.ActiveCfg = Debug|Any CPU
		{15082ADE-6835-4C8E-A26D-DFCA9206A11D}.Debug|Any CPU.Build.0 = Debug|Any CPU
		{15082ADE-6835-4C8E-A26D-DFCA9206A11D}.Release|Any CPU.ActiveCfg = Release|Any CPU
		{15082ADE-6835-4C8E-A26D-DFCA9206A11D}.Release|Any CPU.Build.0 = Release|Any CPU
		{159D782F-E348-4C4A-B9CE-32C318789B6C}.Debug|Any CPU.ActiveCfg = Debug|Any CPU
		{159D782F-E348-4C4A-B9CE-32C318789B6C}.Debug|Any CPU.Build.0 = Debug|Any CPU
		{159D782F-E348-4C4A-B9CE-32C318789B6C}.Release|Any CPU.ActiveCfg = Release|Any CPU
		{159D782F-E348-4C4A-B9CE-32C318789B6C}.Release|Any CPU.Build.0 = Release|Any CPU
		{CEFFA29E-B22B-43D5-BE63-6A171638A37F}.Debug|Any CPU.ActiveCfg = Debug|Any CPU
		{CEFFA29E-B22B-43D5-BE63-6A171638A37F}.Debug|Any CPU.Build.0 = Debug|Any CPU
		{CEFFA29E-B22B-43D5-BE63-6A171638A37F}.Release|Any CPU.ActiveCfg = Release|Any CPU
		{CEFFA29E-B22B-43D5-BE63-6A171638A37F}.Release|Any CPU.Build.0 = Release|Any CPU
		{68B54D2E-F847-4F70-A7FC-1E32C52980D8}.Debug|Any CPU.ActiveCfg = Debug|Any CPU
		{68B54D2E-F847-4F70-A7FC-1E32C52980D8}.Debug|Any CPU.Build.0 = Debug|Any CPU
		{68B54D2E-F847-4F70-A7FC-1E32C52980D8}.Release|Any CPU.ActiveCfg = Release|Any CPU
		{68B54D2E-F847-4F70-A7FC-1E32C52980D8}.Release|Any CPU.Build.0 = Release|Any CPU
		{C18C86C0-31F9-4F1E-A43E-FD58733194BA}.Debug|Any CPU.ActiveCfg = Debug|Any CPU
		{C18C86C0-31F9-4F1E-A43E-FD58733194BA}.Debug|Any CPU.Build.0 = Debug|Any CPU
		{C18C86C0-31F9-4F1E-A43E-FD58733194BA}.Release|Any CPU.ActiveCfg = Release|Any CPU
		{C18C86C0-31F9-4F1E-A43E-FD58733194BA}.Release|Any CPU.Build.0 = Release|Any CPU
		{179BA404-CB06-41F2-AAFF-6FDECBF43B3B}.Debug|Any CPU.ActiveCfg = Debug|Any CPU
		{179BA404-CB06-41F2-AAFF-6FDECBF43B3B}.Debug|Any CPU.Build.0 = Debug|Any CPU
		{179BA404-CB06-41F2-AAFF-6FDECBF43B3B}.Release|Any CPU.ActiveCfg = Release|Any CPU
		{179BA404-CB06-41F2-AAFF-6FDECBF43B3B}.Release|Any CPU.Build.0 = Release|Any CPU
		{D7D67DEF-B754-42C6-A04B-6498C55961A0}.Debug|Any CPU.ActiveCfg = Debug|Any CPU
		{D7D67DEF-B754-42C6-A04B-6498C55961A0}.Debug|Any CPU.Build.0 = Debug|Any CPU
		{D7D67DEF-B754-42C6-A04B-6498C55961A0}.Release|Any CPU.ActiveCfg = Release|Any CPU
		{D7D67DEF-B754-42C6-A04B-6498C55961A0}.Release|Any CPU.Build.0 = Release|Any CPU
	EndGlobalSection
	GlobalSection(SolutionProperties) = preSolution
		HideSolutionNode = FALSE
	EndGlobalSection
	GlobalSection(NestedProjects) = preSolution
		{D475EE00-93B7-48B0-9505-EBEAF00EB04C} = {7E3AD72A-DF04-4910-AB77-33B4F90ADD0D}
		{84C05AFE-AA74-4FA2-8237-A4ED93143FA3} = {E7FD91B2-88E2-43FA-90D7-423D669A38A3}
		{3511D5A1-DEB8-455C-B2F3-DE7BB8DC6760} = {E3EA7770-88C9-46FC-AB28-CCC46C87ED91}
		{2F5FD03D-667F-40AA-A598-B5D4D0BD21FB} = {E3EA7770-88C9-46FC-AB28-CCC46C87ED91}
		{ADC27CE2-F8B4-48A7-B923-282E303B503D} = {EA03BD34-B030-4418-B32C-1970F6D0755F}
		{08ADF96A-13CE-4F9B-A60E-F5D44606D6E5} = {EA03BD34-B030-4418-B32C-1970F6D0755F}
		{63CF603F-07E1-4CF2-9619-D9158BD12662} = {44C03ABF-9D94-41E1-B936-311D93296B16}
		{15082ADE-6835-4C8E-A26D-DFCA9206A11D} = {44C03ABF-9D94-41E1-B936-311D93296B16}
		{159D782F-E348-4C4A-B9CE-32C318789B6C} = {44C03ABF-9D94-41E1-B936-311D93296B16}
		{46645115-6D32-4945-B090-7EC33D85B4C6} = {B012FA9C-F6F3-43A9-AD59-81ACE57457F9}
		{CEFFA29E-B22B-43D5-BE63-6A171638A37F} = {46645115-6D32-4945-B090-7EC33D85B4C6}
		{68B54D2E-F847-4F70-A7FC-1E32C52980D8} = {46645115-6D32-4945-B090-7EC33D85B4C6}
		{C18C86C0-31F9-4F1E-A43E-FD58733194BA} = {46645115-6D32-4945-B090-7EC33D85B4C6}
		{179BA404-CB06-41F2-AAFF-6FDECBF43B3B} = {46645115-6D32-4945-B090-7EC33D85B4C6}
		{26520BBD-A7AE-4DB2-96D3-3EB3F89C6C1C} = {B012FA9C-F6F3-43A9-AD59-81ACE57457F9}
		{D7D67DEF-B754-42C6-A04B-6498C55961A0} = {26520BBD-A7AE-4DB2-96D3-3EB3F89C6C1C}
	EndGlobalSection
	GlobalSection(ExtensibilityGlobals) = postSolution
		SolutionGuid = {35687B89-7111-4D19-BEDA-F0B3C6113666}
	EndGlobalSection
EndGlobal
